
Microsoft Visual Studio Solution File, Format Version 12.00
# Visual Studio Version 17
VisualStudioVersion = 17.4.33110.190
MinimumVisualStudioVersion = 10.0.40219.1
Project("{FAE04EC0-301F-11D3-BF4B-00C04F79EFBC}") = "NewCalculator", "NewCalculator\NewCalculator.csproj", "{34964713-1B86-4FA2-9E24-320CF3E4DFA1}"
EndProject
Global
	GlobalSection(SolutionConfigurationPlatforms) = preSolution
		Debug|Any CPU = Debug|Any CPU
		Release|Any CPU = Release|Any CPU
	EndGlobalSection
	GlobalSection(ProjectConfigurationPlatforms) = postSolution
		{34964713-1B86-4FA2-9E24-320CF3E4DFA1}.Debug|Any CPU.ActiveCfg = Debug|Any CPU
		{34964713-1B86-4FA2-9E24-320CF3E4DFA1}.Debug|Any CPU.Build.0 = Debug|Any CPU
		{34964713-1B86-4FA2-9E24-320CF3E4DFA1}.Release|Any CPU.ActiveCfg = Release|Any CPU
		{34964713-1B86-4FA2-9E24-320CF3E4DFA1}.Release|Any CPU.Build.0 = Release|Any CPU
	EndGlobalSection
	GlobalSection(SolutionProperties) = preSolution
		HideSolutionNode = FALSE
	EndGlobalSection
	GlobalSection(ExtensibilityGlobals) = postSolution
		SolutionGuid = {6B7CBE03-11AB-4C90-BBAF-25AC24F5E02E}
	EndGlobalSection
EndGlobal
